{
  "name": "path-alias",
  "version": "1.0.0",
  "lockfileVersion": 2,
  "requires": true,
  "packages": {
    "": {
      "name": "path-alias",
      "version": "1.0.0",
      "license": "ISC",
      "dependencies": {
        "caller-callsite": "github:EvanSmith-git/caller-callsite-cjs"
      }
    },
    "node_modules/caller-callsite": {
      "version": "5.0.0",
      "resolved": "git+ssh://git@github.com/EvanSmith-git/caller-callsite-cjs.git#8e47769130d8cfc265b6375047c90f0783fe3317",
      "license": "MIT",
      "dependencies": {
        "callsites": "github:EvanSmith-git/callsites-cjs"
      },
      "engines": {
        "node": "^12.20.0 || ^14.13.1 || >=16.0.0"
      },
      "funding": {
        "url": "https://github.com/sponsors/sindresorhus"
      }
    },
    "node_modules/callsites": {
      "version": "4.0.0",
      "resolved": "git+ssh://git@github.com/EvanSmith-git/callsites-cjs.git#4a967f74892c4f3b50933269e67c3cff780f3476",
      "license": "MIT",
      "engines": {
        "node": ">=12.20"
      },
      "funding": {
        "url": "https://github.com/sponsors/sindresorhus"
      }
    }
  },
  "dependencies": {
    "caller-callsite": {
      "version": "git+ssh://git@github.com/EvanSmith-git/caller-callsite-cjs.git#8e47769130d8cfc265b6375047c90f0783fe3317",
      "from": "caller-callsite@github:EvanSmith-git/caller-callsite-cjs",
      "requires": {
        "callsites": "github:EvanSmith-git/callsites-cjs"
      }
    },
    "callsites": {
      "version": "git+ssh://git@github.com/EvanSmith-git/callsites-cjs.git#4a967f74892c4f3b50933269e67c3cff780f3476",
      "from": "callsites@github:EvanSmith-git/callsites-cjs"
    }
  }
}
